
Microsoft Visual Studio Solution File, Format Version 12.00
# Visual Studio Version 17
VisualStudioVersion = 17.0.31912.275
MinimumVisualStudioVersion = 10.0.40219.1
Project("{9A19103F-16F7-4668-BE54-9A1E7A4F7556}") = "PXLPro2022Shoppers07", "PXLPro2022Shoppers07\PXLPro2022Shoppers07.csproj", "{D7B5C1D3-50D6-4C40-9A3F-0B87F9576F59}"
EndProject
Project("{FAE04EC0-301F-11D3-BF4B-00C04F79EFBC}") = "Shopper07WebAPI", "Shopper07WebAPI\Shopper07WebAPI.csproj", "{3D159D3E-4AAC-49CA-B166-98DCE10B8D2D}"
EndProject
Project("{FAE04EC0-301F-11D3-BF4B-00C04F79EFBC}") = "PXLPro2022Shoppers07.Shared", "PXLPro2022Shoppers07.Shared\PXLPro2022Shoppers07.Shared.csproj", "{B4863CF6-0445-4C4E-9D64-F77AFFECB3AB}"
EndProject
Global
	GlobalSection(SolutionConfigurationPlatforms) = preSolution
		Debug|Any CPU = Debug|Any CPU
		Release|Any CPU = Release|Any CPU
	EndGlobalSection
	GlobalSection(ProjectConfigurationPlatforms) = postSolution
		{D7B5C1D3-50D6-4C40-9A3F-0B87F9576F59}.Debug|Any CPU.ActiveCfg = Debug|Any CPU
		{D7B5C1D3-50D6-4C40-9A3F-0B87F9576F59}.Debug|Any CPU.Build.0 = Debug|Any CPU
		{D7B5C1D3-50D6-4C40-9A3F-0B87F9576F59}.Release|Any CPU.ActiveCfg = Release|Any CPU
		{D7B5C1D3-50D6-4C40-9A3F-0B87F9576F59}.Release|Any CPU.Build.0 = Release|Any CPU
		{3D159D3E-4AAC-49CA-B166-98DCE10B8D2D}.Debug|Any CPU.ActiveCfg = Debug|Any CPU
		{3D159D3E-4AAC-49CA-B166-98DCE10B8D2D}.Debug|Any CPU.Build.0 = Debug|Any CPU
		{3D159D3E-4AAC-49CA-B166-98DCE10B8D2D}.Release|Any CPU.ActiveCfg = Release|Any CPU
		{3D159D3E-4AAC-49CA-B166-98DCE10B8D2D}.Release|Any CPU.Build.0 = Release|Any CPU
		{B4863CF6-0445-4C4E-9D64-F77AFFECB3AB}.Debug|Any CPU.ActiveCfg = Debug|Any CPU
		{B4863CF6-0445-4C4E-9D64-F77AFFECB3AB}.Debug|Any CPU.Build.0 = Debug|Any CPU
		{B4863CF6-0445-4C4E-9D64-F77AFFECB3AB}.Release|Any CPU.ActiveCfg = Release|Any CPU
		{B4863CF6-0445-4C4E-9D64-F77AFFECB3AB}.Release|Any CPU.Build.0 = Release|Any CPU
	EndGlobalSection
	GlobalSection(SolutionProperties) = preSolution
		HideSolutionNode = FALSE
	EndGlobalSection
	GlobalSection(ExtensibilityGlobals) = postSolution
		SolutionGuid = {4609E9BE-8A97-42F5-B435-D4D5FAE46E86}
	EndGlobalSection
EndGlobal
